speakeasyVersion: 1.796.4
sources:
    Mollie API:
        sourceNamespace: mollie-api
        sourceRevisionDigest: sha256:e76abf8965e84307d5500b2b4ffdd0b0d128538ea882cf57fb2f0399ace111fc
        sourceBlobDigest: sha256:8b1938a31ea5d9e4e97fe24c27ccc8921efdfcd4ac002e697e31f1d8f849f555
        tags:
            - latest
            - 1.0.0
targets:
    client:
        source: Mollie API
        sourceNamespace: mollie-api
        sourceRevisionDigest: sha256:e76abf8965e84307d5500b2b4ffdd0b0d128538ea882cf57fb2f0399ace111fc
        sourceBlobDigest: sha256:8b1938a31ea5d9e4e97fe24c27ccc8921efdfcd4ac002e697e31f1d8f849f555
        codeSamplesNamespace: mollie-api-csharp-code-samples
        codeSamplesRevisionDigest: sha256:84cb4f5612615deb6fbb523da47135120ee1f10199efe02de5f4873681207f53
workflow:
    workflowVersion: 1.0.0
    speakeasyVersion: latest
    sources:
        Mollie API:
            inputs:
                - location: https://raw.githubusercontent.com/mollie/openapi-specs/main/specs.yaml
            overlays:
                - location: .speakeasy/overlays/webhook-event-types-fix.yaml
            output: .speakeasy/out.openapi.yaml
            registry:
                location: registry.speakeasyapi.dev/mollie-oom/mollie/mollie-api
    targets:
        client:
            target: csharp
            source: Mollie API
            publish:
                nuget:
                    apiKey: $nuget_api_key
            codeSamples:
                registry:
                    location: registry.speakeasyapi.dev/mollie-oom/mollie/mollie-api-csharp-code-samples
                labelOverride:
                    fixedValue: Csharp (SDK)
                blocking: false
