speakeasyVersion: 1.637.0
sources:
    Mollie API:
        sourceNamespace: mollie-api
        sourceRevisionDigest: sha256:1088f62fc370dd349e80a3e7f7fce332ca1a87c755cd0791a3fa5c087619b369
        sourceBlobDigest: sha256:14202febb7994888c0b2b2b89f796a74f7ebff85a9e5a4c1e1f3beb0f3fea6ec
        tags:
            - latest
            - speakeasy-sdk-regen-1760659600
            - 1.0.0
targets:
    client:
        source: Mollie API
        sourceNamespace: mollie-api
        sourceRevisionDigest: sha256:1088f62fc370dd349e80a3e7f7fce332ca1a87c755cd0791a3fa5c087619b369
        sourceBlobDigest: sha256:14202febb7994888c0b2b2b89f796a74f7ebff85a9e5a4c1e1f3beb0f3fea6ec
        codeSamplesNamespace: mollie-api-csharp-code-samples
        codeSamplesRevisionDigest: sha256:54679129ec5876fc2e0eaaf6bc3bb623c79490b391a0b0032441137914aa7474
workflow:
    workflowVersion: 1.0.0
    speakeasyVersion: latest
    sources:
        Mollie API:
            inputs:
                - location: https://raw.githubusercontent.com/mollie/openapi-specs/main/specs.yaml
            output: .speakeasy/out.openapi.yaml
            registry:
                location: registry.speakeasyapi.dev/mollie-oom/mollie/mollie-api
    targets:
        client:
            target: csharp
            source: Mollie API
            publish:
                nuget:
                    apiKey: $nuget_api_key
            codeSamples:
                registry:
                    location: registry.speakeasyapi.dev/mollie-oom/mollie/mollie-api-csharp-code-samples
                labelOverride:
                    fixedValue: Csharp (SDK)
                blocking: false
