speakeasyVersion: 1.722.2
sources:
    Mollie API:
        sourceNamespace: mollie-api
        sourceRevisionDigest: sha256:4ccce8d0228ff7c2d6e3f08b69b56b0376d0ae7580757be698a929f9f590cf98
        sourceBlobDigest: sha256:cc6cdd8aab8c9a4b9af6748559da982abb83587fb57b0b18ee56aa59628306fa
        tags:
            - latest
            - speakeasy-sdk-regen-1771409878
            - 1.0.0
targets:
    client:
        source: Mollie API
        sourceNamespace: mollie-api
        sourceRevisionDigest: sha256:4ccce8d0228ff7c2d6e3f08b69b56b0376d0ae7580757be698a929f9f590cf98
        sourceBlobDigest: sha256:cc6cdd8aab8c9a4b9af6748559da982abb83587fb57b0b18ee56aa59628306fa
        codeSamplesNamespace: mollie-api-csharp-code-samples
        codeSamplesRevisionDigest: sha256:abeec9ba8037757f6da6af265566e90338f6b2bebafcc781efeb5af9a061c755
workflow:
    workflowVersion: 1.0.0
    speakeasyVersion: latest
    sources:
        Mollie API:
            inputs:
                - location: https://raw.githubusercontent.com/mollie/openapi-specs/main/specs.yaml
            overlays:
                - location: .speakeasy/overlays/webhook-event-types-fix.yaml
            output: .speakeasy/out.openapi.yaml
            registry:
                location: registry.speakeasyapi.dev/mollie-oom/mollie/mollie-api
    targets:
        client:
            target: csharp
            source: Mollie API
            publish:
                nuget:
                    apiKey: $nuget_api_key
            codeSamples:
                registry:
                    location: registry.speakeasyapi.dev/mollie-oom/mollie/mollie-api-csharp-code-samples
                labelOverride:
                    fixedValue: Csharp (SDK)
                blocking: false
